// !$*UTF8*$!
{
	archiveVersion = 1;
	classes = {
	};
	objectVersion = 50;
	objects = {

/* Begin PBXBuildFile section */
		2FD3B4EAF2D1EF43FA92FA7A /* Pods_kato.framework in Frameworks */ = {isa = PBXBuildFile; fileRef = 5C6226F52A0BD3D28DE1C01C /* Pods_kato.framework */; };
		70F302BB213CEA77002DC0F2 /* GameViewController.swift in Sources */ = {isa = PBXBuildFile; fileRef = 70F302BA213CEA77002DC0F2 /* GameViewController.swift */; };
		70F302BD213CEA94002DC0F2 /* TalkViewController.swift in Sources */ = {isa = PBXBuildFile; fileRef = 70F302BC213CEA94002DC0F2 /* TalkViewController.swift */; };
		70F302CD213D5E59002DC0F2 /* VideoCell.swift in Sources */ = {isa = PBXBuildFile; fileRef = 70F302CB213D5E59002DC0F2 /* VideoCell.swift */; };
		70F302CE213D5E59002DC0F2 /* VideoCell.xib in Resources */ = {isa = PBXBuildFile; fileRef = 70F302CC213D5E59002DC0F2 /* VideoCell.xib */; };
		70F302D2213FA353002DC0F2 /* RootTabViewController.swift in Sources */ = {isa = PBXBuildFile; fileRef = 70F302D1213FA353002DC0F2 /* RootTabViewController.swift */; };
		70F302D4213FA71F002DC0F2 /* OneViewController.swift in Sources */ = {isa = PBXBuildFile; fileRef = 70F302D3213FA71F002DC0F2 /* OneViewController.swift */; };
		70F302D6213FA737002DC0F2 /* TwoViewController.swift in Sources */ = {isa = PBXBuildFile; fileRef = 70F302D5213FA737002DC0F2 /* TwoViewController.swift */; };
		800B3EFD216F58CC00408951 /* VideoViewController.swift in Sources */ = {isa = PBXBuildFile; fileRef = 800B3EFC216F58CC00408951 /* VideoViewController.swift */; };
		E75DEC20213ED23700FDA946 /* WebViewController.swift in Sources */ = {isa = PBXBuildFile; fileRef = E75DEC1F213ED23700FDA946 /* WebViewController.swift */; };
		E75DEC22213EED6400FDA946 /* Credential.swift in Sources */ = {isa = PBXBuildFile; fileRef = E75DEC21213EED6400FDA946 /* Credential.swift */; };
		E7FD174921242A6300446460 /* AppDelegate.swift in Sources */ = {isa = PBXBuildFile; fileRef = E7FD174821242A6300446460 /* AppDelegate.swift */; };
		E7FD174B21242A6300446460 /* ViewController.swift in Sources */ = {isa = PBXBuildFile; fileRef = E7FD174A21242A6300446460 /* ViewController.swift */; };
		E7FD174E21242A6300446460 /* Main.storyboard in Resources */ = {isa = PBXBuildFile; fileRef = E7FD174C21242A6300446460 /* Main.storyboard */; };
		E7FD175021242A6500446460 /* Assets.xcassets in Resources */ = {isa = PBXBuildFile; fileRef = E7FD174F21242A6500446460 /* Assets.xcassets */; };
		E7FD175321242A6500446460 /* LaunchScreen.storyboard in Resources */ = {isa = PBXBuildFile; fileRef = E7FD175121242A6500446460 /* LaunchScreen.storyboard */; };
/* End PBXBuildFile section */

/* Begin PBXFileReference section */
		1CF2EF3430E7687F44C05E18 /* Pods-kato.release.xcconfig */ = {isa = PBXFileReference; includeInIndex = 1; lastKnownFileType = text.xcconfig; name = "Pods-kato.release.xcconfig"; path = "Pods/Target Support Files/Pods-kato/Pods-kato.release.xcconfig"; sourceTree = "<group>"; };
		5C6226F52A0BD3D28DE1C01C /* Pods_kato.framework */ = {isa = PBXFileReference; explicitFileType = wrapper.framework; includeInIndex = 0; path = Pods_kato.framework; sourceTree = BUILT_PRODUCTS_DIR; };
		70F302BA213CEA77002DC0F2 /* GameViewController.swift */ = {isa = PBXFileReference; lastKnownFileType = sourcecode.swift; path = GameViewController.swift; sourceTree = "<group>"; };
		70F302BC213CEA94002DC0F2 /* TalkViewController.swift */ = {isa = PBXFileReference; lastKnownFileType = sourcecode.swift; path = TalkViewController.swift; sourceTree = "<group>"; };
		70F302CB213D5E59002DC0F2 /* VideoCell.swift */ = {isa = PBXFileReference; lastKnownFileType = sourcecode.swift; path = VideoCell.swift; sourceTree = "<group>"; };
		70F302CC213D5E59002DC0F2 /* VideoCell.xib */ = {isa = PBXFileReference; lastKnownFileType = file.xib; path = VideoCell.xib; sourceTree = "<group>"; };
		70F302D1213FA353002DC0F2 /* RootTabViewController.swift */ = {isa = PBXFileReference; lastKnownFileType = sourcecode.swift; path = RootTabViewController.swift; sourceTree = "<group>"; };
		70F302D3213FA71F002DC0F2 /* OneViewController.swift */ = {isa = PBXFileReference; lastKnownFileType = sourcecode.swift; path = OneViewController.swift; sourceTree = "<group>"; };
		70F302D5213FA737002DC0F2 /* TwoViewController.swift */ = {isa = PBXFileReference; lastKnownFileType = sourcecode.swift; path = TwoViewController.swift; sourceTree = "<group>"; };
		800B3EFC216F58CC00408951 /* VideoViewController.swift */ = {isa = PBXFileReference; fileEncoding = 4; lastKnownFileType = sourcecode.swift; path = VideoViewController.swift; sourceTree = "<group>"; };
		C6412019103F73A204058248 /* Pods-kato.debug.xcconfig */ = {isa = PBXFileReference; includeInIndex = 1; lastKnownFileType = text.xcconfig; name = "Pods-kato.debug.xcconfig"; path = "Pods/Target Support Files/Pods-kato/Pods-kato.debug.xcconfig"; sourceTree = "<group>"; };
		E75DEC1F213ED23700FDA946 /* WebViewController.swift */ = {isa = PBXFileReference; lastKnownFileType = sourcecode.swift; path = WebViewController.swift; sourceTree = "<group>"; };
		E75DEC21213EED6400FDA946 /* Credential.swift */ = {isa = PBXFileReference; lastKnownFileType = sourcecode.swift; path = Credential.swift; sourceTree = "<group>"; };
		E7FD174521242A6300446460 /* kato.app */ = {isa = PBXFileReference; explicitFileType = wrapper.application; includeInIndex = 0; path = kato.app; sourceTree = BUILT_PRODUCTS_DIR; };
		E7FD174821242A6300446460 /* AppDelegate.swift */ = {isa = PBXFileReference; lastKnownFileType = sourcecode.swift; path = AppDelegate.swift; sourceTree = "<group>"; };
		E7FD174A21242A6300446460 /* ViewController.swift */ = {isa = PBXFileReference; lastKnownFileType = sourcecode.swift; path = ViewController.swift; sourceTree = "<group>"; };
		E7FD174D21242A6300446460 /* Base */ = {isa = PBXFileReference; lastKnownFileType = file.storyboard; name = Base; path = Base.lproj/Main.storyboard; sourceTree = "<group>"; };
		E7FD174F21242A6500446460 /* Assets.xcassets */ = {isa = PBXFileReference; lastKnownFileType = folder.assetcatalog; path = Assets.xcassets; sourceTree = "<group>"; };
		E7FD175221242A6500446460 /* Base */ = {isa = PBXFileReference; lastKnownFileType = file.storyboard; name = Base; path = Base.lproj/LaunchScreen.storyboard; sourceTree = "<group>"; };
		E7FD175421242A6500446460 /* Info.plist */ = {isa = PBXFileReference; lastKnownFileType = text.plist.xml; path = Info.plist; sourceTree = "<group>"; };
/* End PBXFileReference section */

/* Begin PBXFrameworksBuildPhase section */
		E7FD174221242A6300446460 /* Frameworks */ = {
			isa = PBXFrameworksBuildPhase;
			buildActionMask = 2147483647;
			files = (
				2FD3B4EAF2D1EF43FA92FA7A /* Pods_kato.framework in Frameworks */,
			);
			runOnlyForDeploymentPostprocessing = 0;
		};
/* End PBXFrameworksBuildPhase section */

/* Begin PBXGroup section */
		2C562E9BB00F692965E77114 /* Frameworks */ = {
			isa = PBXGroup;
			children = (
				5C6226F52A0BD3D28DE1C01C /* Pods_kato.framework */,
			);
			name = Frameworks;
			sourceTree = "<group>";
		};
		3F2E1D15A622C9C34CD8EB62 /* Pods */ = {
			isa = PBXGroup;
			children = (
				C6412019103F73A204058248 /* Pods-kato.debug.xcconfig */,
				1CF2EF3430E7687F44C05E18 /* Pods-kato.release.xcconfig */,
			);
			name = Pods;
			sourceTree = "<group>";
		};
		E7FD173C21242A6300446460 = {
			isa = PBXGroup;
			children = (
				E7FD174721242A6300446460 /* kato */,
				E7FD174621242A6300446460 /* Products */,
				3F2E1D15A622C9C34CD8EB62 /* Pods */,
				2C562E9BB00F692965E77114 /* Frameworks */,
			);
			sourceTree = "<group>";
		};
		E7FD174621242A6300446460 /* Products */ = {
			isa = PBXGroup;
			children = (
				E7FD174521242A6300446460 /* kato.app */,
			);
			name = Products;
			sourceTree = "<group>";
		};
		E7FD174721242A6300446460 /* kato */ = {
			isa = PBXGroup;
			children = (
				E7FD174821242A6300446460 /* AppDelegate.swift */,
				E7FD174A21242A6300446460 /* ViewController.swift */,
				70F302BA213CEA77002DC0F2 /* GameViewController.swift */,
				70F302BC213CEA94002DC0F2 /* TalkViewController.swift */,
				E75DEC1F213ED23700FDA946 /* WebViewController.swift */,
				800B3EFC216F58CC00408951 /* VideoViewController.swift */,
				E75DEC21213EED6400FDA946 /* Credential.swift */,
				E7FD174C21242A6300446460 /* Main.storyboard */,
				E7FD174F21242A6500446460 /* Assets.xcassets */,
				E7FD175121242A6500446460 /* LaunchScreen.storyboard */,
				E7FD175421242A6500446460 /* Info.plist */,
				70F302CB213D5E59002DC0F2 /* VideoCell.swift */,
				70F302CC213D5E59002DC0F2 /* VideoCell.xib */,
				70F302D1213FA353002DC0F2 /* RootTabViewController.swift */,
				70F302D3213FA71F002DC0F2 /* OneViewController.swift */,
				70F302D5213FA737002DC0F2 /* TwoViewController.swift */,
			);
			path = kato;
			sourceTree = "<group>";
		};
/* End PBXGroup section */

/* Begin PBXNativeTarget section */
		E7FD174421242A6300446460 /* kato */ = {
			isa = PBXNativeTarget;
			buildConfigurationList = E7FD175721242A6500446460 /* Build configuration list for PBXNativeTarget "kato" */;
			buildPhases = (
				F687938C388218EBFBC11BDB /* [CP] Check Pods Manifest.lock */,
				E7FD174121242A6300446460 /* Sources */,
				E7FD174221242A6300446460 /* Frameworks */,
				E7FD174321242A6300446460 /* Resources */,
				B34BCD61625226A0C02D992B /* [CP] Embed Pods Frameworks */,
			);
			buildRules = (
			);
			dependencies = (
			);
			name = kato;
			productName = kato;
			productReference = E7FD174521242A6300446460 /* kato.app */;
			productType = "com.apple.product-type.application";
		};
/* End PBXNativeTarget section */

/* Begin PBXProject section */
		E7FD173D21242A6300446460 /* Project object */ = {
			isa = PBXProject;
			attributes = {
				LastSwiftUpdateCheck = 0940;
				LastUpgradeCheck = 0940;
				ORGANIZATIONNAME = Koki;
				TargetAttributes = {
					E7FD174421242A6300446460 = {
						CreatedOnToolsVersion = 9.4.1;
						LastSwiftMigration = 1000;
					};
				};
			};
			buildConfigurationList = E7FD174021242A6300446460 /* Build configuration list for PBXProject "kato" */;
			compatibilityVersion = "Xcode 9.3";
			developmentRegion = en;
			hasScannedForEncodings = 0;
			knownRegions = (
				en,
				Base,
			);
			mainGroup = E7FD173C21242A6300446460;
			productRefGroup = E7FD174621242A6300446460 /* Products */;
			projectDirPath = "";
			projectRoot = "";
			targets = (
				E7FD174421242A6300446460 /* kato */,
			);
		};
/* End PBXProject section */

/* Begin PBXResourcesBuildPhase section */
		E7FD174321242A6300446460 /* Resources */ = {
			isa = PBXResourcesBuildPhase;
			buildActionMask = 2147483647;
			files = (
				E7FD175321242A6500446460 /* LaunchScreen.storyboard in Resources */,
				70F302CE213D5E59002DC0F2 /* VideoCell.xib in Resources */,
				E7FD175021242A6500446460 /* Assets.xcassets in Resources */,
				E7FD174E21242A6300446460 /* Main.storyboard in Resources */,
			);
			runOnlyForDeploymentPostprocessing = 0;
		};
/* End PBXResourcesBuildPhase section */

/* Begin PBXShellScriptBuildPhase section */
		B34BCD61625226A0C02D992B /* [CP] Embed Pods Frameworks */ = {
			isa = PBXShellScriptBuildPhase;
			buildActionMask = 2147483647;
			files = (
			);
			inputPaths = (
				"${SRCROOT}/Pods/Target Support Files/Pods-kato/Pods-kato-frameworks.sh",
				"${BUILT_PRODUCTS_DIR}/Alamofire/Alamofire.framework",
				"${BUILT_PRODUCTS_DIR}/MDFInternationalization/MDFInternationalization.framework",
				"${BUILT_PRODUCTS_DIR}/MDFTextAccessibility/MDFTextAccessibility.framework",
				"${BUILT_PRODUCTS_DIR}/MaterialComponents/MaterialComponents.framework",
				"${BUILT_PRODUCTS_DIR}/MotionAnimator/MotionAnimator.framework",
				"${BUILT_PRODUCTS_DIR}/MotionInterchange/MotionInterchange.framework",
				"${BUILT_PRODUCTS_DIR}/MotionTransitioning/MotionTransitioning.framework",
				"${BUILT_PRODUCTS_DIR}/SwiftyJSON/SwiftyJSON.framework",
				"${BUILT_PRODUCTS_DIR}/XLPagerTabStrip/XLPagerTabStrip.framework",
			);
			name = "[CP] Embed Pods Frameworks";
			outputPaths = (
				"${TARGET_BUILD_DIR}/${FRAMEWORKS_FOLDER_PATH}/Alamofire.framework",
				"${TARGET_BUILD_DIR}/${FRAMEWORKS_FOLDER_PATH}/MDFInternationalization.framework",
				"${TARGET_BUILD_DIR}/${FRAMEWORKS_FOLDER_PATH}/MDFTextAccessibility.framework",
				"${TARGET_BUILD_DIR}/${FRAMEWORKS_FOLDER_PATH}/MaterialComponents.framework",
				"${TARGET_BUILD_DIR}/${FRAMEWORKS_FOLDER_PATH}/MotionAnimator.framework",
				"${TARGET_BUILD_DIR}/${FRAMEWORKS_FOLDER_PATH}/MotionInterchange.framework",
				"${TARGET_BUILD_DIR}/${FRAMEWORKS_FOLDER_PATH}/MotionTransitioning.framework",
				"${TARGET_BUILD_DIR}/${FRAMEWORKS_FOLDER_PATH}/SwiftyJSON.framework",
				"${TARGET_BUILD_DIR}/${FRAMEWORKS_FOLDER_PATH}/XLPagerTabStrip.framework",
			);
			runOnlyForDeploymentPostprocessing = 0;
			shellPath = /bin/sh;
			shellScript = "\"${SRCROOT}/Pods/Target Support Files/Pods-kato/Pods-kato-frameworks.sh\"\n";
			showEnvVarsInLog = 0;
		};
		F687938C388218EBFBC11BDB /* [CP] Check Pods Manifest.lock */ = {
			isa = PBXShellScriptBuildPhase;
			buildActionMask = 2147483647;
			files = (
			);
			inputPaths = (
				"${PODS_PODFILE_DIR_PATH}/Podfile.lock",
				"${PODS_ROOT}/Manifest.lock",
			);
			name = "[CP] Check Pods Manifest.lock";
			outputPaths = (
				"$(DERIVED_FILE_DIR)/Pods-kato-checkManifestLockResult.txt",
			);
			runOnlyForDeploymentPostprocessing = 0;
			shellPath = /bin/sh;
			shellScript = "diff \"${PODS_PODFILE_DIR_PATH}/Podfile.lock\" \"${PODS_ROOT}/Manifest.lock\" > /dev/null\nif [ $? != 0 ] ; then\n    # print error to STDERR\n    echo \"error: The sandbox is not in sync with the Podfile.lock. Run 'pod install' or update your CocoaPods installation.\" >&2\n    exit 1\nfi\n# This output is used by Xcode 'outputs' to avoid re-running this script phase.\necho \"SUCCESS\" > \"${SCRIPT_OUTPUT_FILE_0}\"\n";
			showEnvVarsInLog = 0;
		};
/* End PBXShellScriptBuildPhase section */

/* Begin PBXSourcesBuildPhase section */
		E7FD174121242A6300446460 /* Sources */ = {
			isa = PBXSourcesBuildPhase;
			buildActionMask = 2147483647;
			files = (
				70F302D4213FA71F002DC0F2 /* OneViewController.swift in Sources */,
				70F302D2213FA353002DC0F2 /* RootTabViewController.swift in Sources */,
				70F302BB213CEA77002DC0F2 /* GameViewController.swift in Sources */,
				E75DEC22213EED6400FDA946 /* Credential.swift in Sources */,
				70F302CD213D5E59002DC0F2 /* VideoCell.swift in Sources */,
				70F302D6213FA737002DC0F2 /* TwoViewController.swift in Sources */,
				800B3EFD216F58CC00408951 /* VideoViewController.swift in Sources */,
				E7FD174B21242A6300446460 /* ViewController.swift in Sources */,
				E7FD174921242A6300446460 /* AppDelegate.swift in Sources */,
				E75DEC20213ED23700FDA946 /* WebViewController.swift in Sources */,
				70F302BD213CEA94002DC0F2 /* TalkViewController.swift in Sources */,
			);
			runOnlyForDeploymentPostprocessing = 0;
		};
/* End PBXSourcesBuildPhase section */

/* Begin PBXVariantGroup section */
		E7FD174C21242A6300446460 /* Main.storyboard */ = {
			isa = PBXVariantGroup;
			children = (
				E7FD174D21242A6300446460 /* Base */,
			);
			name = Main.storyboard;
			sourceTree = "<group>";
		};
		E7FD175121242A6500446460 /* LaunchScreen.storyboard */ = {
			isa = PBXVariantGroup;
			children = (
				E7FD175221242A6500446460 /* Base */,
			);
			name = LaunchScreen.storyboard;
			sourceTree = "<group>";
		};
/* End PBXVariantGroup section */

/* Begin XCBuildConfiguration section */
		E7FD175521242A6500446460 /* Debug */ = {
			isa = XCBuildConfiguration;
			buildSettings = {
				ALWAYS_SEARCH_USER_PATHS = NO;
				CLANG_ANALYZER_NONNULL = YES;
				CLANG_ANALYZER_NUMBER_OBJECT_CONVERSION = YES_AGGRESSIVE;
				CLANG_CXX_LANGUAGE_STANDARD = "gnu++14";
				CLANG_CXX_LIBRARY = "libc++";
				CLANG_ENABLE_MODULES = YES;
				CLANG_ENABLE_OBJC_ARC = YES;
				CLANG_ENABLE_OBJC_WEAK = YES;
				CLANG_WARN_BLOCK_CAPTURE_AUTORELEASING = YES;
				CLANG_WARN_BOOL_CONVERSION = YES;
				CLANG_WARN_COMMA = YES;
				CLANG_WARN_CONSTANT_CONVERSION = YES;
				CLANG_WARN_DEPRECATED_OBJC_IMPLEMENTATIONS = YES;
				CLANG_WARN_DIRECT_OBJC_ISA_USAGE = YES_ERROR;
				CLANG_WARN_DOCUMENTATION_COMMENTS = YES;
				CLANG_WARN_EMPTY_BODY = YES;
				CLANG_WARN_ENUM_CONVERSION = YES;
				CLANG_WARN_INFINITE_RECURSION = YES;
				CLANG_WARN_INT_CONVERSION = YES;
				CLANG_WARN_NON_LITERAL_NULL_CONVERSION = YES;
				CLANG_WARN_OBJC_IMPLICIT_RETAIN_SELF = YES;
				CLANG_WARN_OBJC_LITERAL_CONVERSION = YES;
				CLANG_WARN_OBJC_ROOT_CLASS = YES_ERROR;
				CLANG_WARN_RANGE_LOOP_ANALYSIS = YES;
				CLANG_WARN_STRICT_PROTOTYPES = YES;
				CLANG_WARN_SUSPICIOUS_MOVE = YES;
				CLANG_WARN_UNGUARDED_AVAILABILITY = YES_AGGRESSIVE;
				CLANG_WARN_UNREACHABLE_CODE = YES;
				CLANG_WARN__DUPLICATE_METHOD_MATCH = YES;
				CODE_SIGN_IDENTITY = "iPhone Developer";
				COPY_PHASE_STRIP = NO;
				DEBUG_INFORMATION_FORMAT = dwarf;
				ENABLE_STRICT_OBJC_MSGSEND = YES;
				ENABLE_TESTABILITY = YES;
				GCC_C_LANGUAGE_STANDARD = gnu11;
				GCC_DYNAMIC_NO_PIC = NO;
				GCC_NO_COMMON_BLOCKS = YES;
				GCC_OPTIMIZATION_LEVEL = 0;
				GCC_PREPROCESSOR_DEFINITIONS = (
					"DEBUG=1",
					"$(inherited)",
				);
				GCC_WARN_64_TO_32_BIT_CONVERSION = YES;
				GCC_WARN_ABOUT_RETURN_TYPE = YES_ERROR;
				GCC_WARN_UNDECLARED_SELECTOR = YES;
				GCC_WARN_UNINITIALIZED_AUTOS = YES_AGGRESSIVE;
				GCC_WARN_UNUSED_FUNCTION = YES;
				GCC_WARN_UNUSED_VARIABLE = YES;
				IPHONEOS_DEPLOYMENT_TARGET = 11.4;
				MTL_ENABLE_DEBUG_INFO = YES;
				ONLY_ACTIVE_ARCH = YES;
				SDKROOT = iphoneos;
				SWIFT_ACTIVE_COMPILATION_CONDITIONS = DEBUG;
				SWIFT_OPTIMIZATION_LEVEL = "-Onone";
			};
			name = Debug;
		};
		E7FD175621242A6500446460 /* Release */ = {
			isa = XCBuildConfiguration;
			buildSettings = {
				ALWAYS_SEARCH_USER_PATHS = NO;
				CLANG_ANALYZER_NONNULL = YES;
				CLANG_ANALYZER_NUMBER_OBJECT_CONVERSION = YES_AGGRESSIVE;
				CLANG_CXX_LANGUAGE_STANDARD = "gnu++14";
				CLANG_CXX_LIBRARY = "libc++";
				CLANG_ENABLE_MODULES = YES;
				CLANG_ENABLE_OBJC_ARC = YES;
				CLANG_ENABLE_OBJC_WEAK = YES;
				CLANG_WARN_BLOCK_CAPTURE_AUTORELEASING = YES;
				CLANG_WARN_BOOL_CONVERSION = YES;
				CLANG_WARN_COMMA = YES;
				CLANG_WARN_CONSTANT_CONVERSION = YES;
				CLANG_WARN_DEPRECATED_OBJC_IMPLEMENTATIONS = YES;
				CLANG_WARN_DIRECT_OBJC_ISA_USAGE = YES_ERROR;
				CLANG_WARN_DOCUMENTATION_COMMENTS = YES;
				CLANG_WARN_EMPTY_BODY = YES;
				CLANG_WARN_ENUM_CONVERSION = YES;
				CLANG_WARN_INFINITE_RECURSION = YES;
				CLANG_WARN_INT_CONVERSION = YES;
				CLANG_WARN_NON_LITERAL_NULL_CONVERSION = YES;
				CLANG_WARN_OBJC_IMPLICIT_RETAIN_SELF = YES;
				CLANG_WARN_OBJC_LITERAL_CONVERSION = YES;
				CLANG_WARN_OBJC_ROOT_CLASS = YES_ERROR;
				CLANG_WARN_RANGE_LOOP_ANALYSIS = YES;
				CLANG_WARN_STRICT_PROTOTYPES = YES;
				CLANG_WARN_SUSPICIOUS_MOVE = YES;
				CLANG_WARN_UNGUARDED_AVAILABILITY = YES_AGGRESSIVE;
				CLANG_WARN_UNREACHABLE_CODE = YES;
				CLANG_WARN__DUPLICATE_METHOD_MATCH = YES;
				CODE_SIGN_IDENTITY = "iPhone Developer";
				COPY_PHASE_STRIP = NO;
				DEBUG_INFORMATION_FORMAT = "dwarf-with-dsym";
				ENABLE_NS_ASSERTIONS = NO;
				ENABLE_STRICT_OBJC_MSGSEND = YES;
				GCC_C_LANGUAGE_STANDARD = gnu11;
				GCC_NO_COMMON_BLOCKS = YES;
				GCC_WARN_64_TO_32_BIT_CONVERSION = YES;
				GCC_WARN_ABOUT_RETURN_TYPE = YES_ERROR;
				GCC_WARN_UNDECLARED_SELECTOR = YES;
				GCC_WARN_UNINITIALIZED_AUTOS = YES_AGGRESSIVE;
				GCC_WARN_UNUSED_FUNCTION = YES;
				GCC_WARN_UNUSED_VARIABLE = YES;
				IPHONEOS_DEPLOYMENT_TARGET = 11.4;
				MTL_ENABLE_DEBUG_INFO = NO;
				SDKROOT = iphoneos;
				SWIFT_COMPILATION_MODE = wholemodule;
				SWIFT_OPTIMIZATION_LEVEL = "-O";
				VALIDATE_PRODUCT = YES;
			};
			name = Release;
		};
		E7FD175821242A6500446460 /* Debug */ = {
			isa = XCBuildConfiguration;
			baseConfigurationReference = C6412019103F73A204058248 /* Pods-kato.debug.xcconfig */;
			buildSettings = {
				ASSETCATALOG_COMPILER_APPICON_NAME = AppIcon;
				CODE_SIGN_STYLE = Automatic;
				DEVELOPMENT_TEAM = W32PWRBXW2;
				INFOPLIST_FILE = kato/Info.plist;
				LD_RUNPATH_SEARCH_PATHS = (
					"$(inherited)",
					"@executable_path/Frameworks",
				);
				PRODUCT_BUNDLE_IDENTIFIER = com.hisaore.kato;
				PRODUCT_NAME = "$(TARGET_NAME)";
				SWIFT_VERSION = 4.2;
				TARGETED_DEVICE_FAMILY = "1,2";
			};
			name = Debug;
		};
		E7FD175921242A6500446460 /* Release */ = {
			isa = XCBuildConfiguration;
			baseConfigurationReference = 1CF2EF3430E7687F44C05E18 /* Pods-kato.release.xcconfig */;
			buildSettings = {
				ASSETCATALOG_COMPILER_APPICON_NAME = AppIcon;
				CODE_SIGN_STYLE = Automatic;
				DEVELOPMENT_TEAM = W32PWRBXW2;
				INFOPLIST_FILE = kato/Info.plist;
				LD_RUNPATH_SEARCH_PATHS = (
					"$(inherited)",
					"@executable_path/Frameworks",
				);
				PRODUCT_BUNDLE_IDENTIFIER = com.hisaore.kato;
				PRODUCT_NAME = "$(TARGET_NAME)";
				SWIFT_VERSION = 4.2;
				TARGETED_DEVICE_FAMILY = "1,2";
			};
			name = Release;
		};
/* End XCBuildConfiguration section */

/* Begin XCConfigurationList section */
		E7FD174021242A6300446460 /* Build configuration list for PBXProject "kato" */ = {
			isa = XCConfigurationList;
			buildConfigurations = (
				E7FD175521242A6500446460 /* Debug */,
				E7FD175621242A6500446460 /* Release */,
			);
			defaultConfigurationIsVisible = 0;
			defaultConfigurationName = Release;
		};
		E7FD175721242A6500446460 /* Build configuration list for PBXNativeTarget "kato" */ = {
			isa = XCConfigurationList;
			buildConfigurations = (
				E7FD175821242A6500446460 /* Debug */,
				E7FD175921242A6500446460 /* Release */,
			);
			defaultConfigurationIsVisible = 0;
			defaultConfigurationName = Release;
		};
/* End XCConfigurationList section */
	};
	rootObject = E7FD173D21242A6300446460 /* Project object */;
}
